
Microsoft Visual Studio Solution File, Format Version 12.00
# Visual Studio 15
VisualStudioVersion = 15.0.28010.2003
MinimumVisualStudioVersion = 10.0.40219.1
Project("{FAE04EC0-301F-11D3-BF4B-00C04F79EFBC}") = "MVC App", "MVC App\MVC App.csproj", "{37D6B427-AEEB-42D3-89B8-6B3F28A8DEAA}"
EndProject
Global
	GlobalSection(SolutionConfigurationPlatforms) = preSolution
		Debug|Any CPU = Debug|Any CPU
		Release|Any CPU = Release|Any CPU
	EndGlobalSection
	GlobalSection(ProjectConfigurationPlatforms) = postSolution
		{37D6B427-AEEB-42D3-89B8-6B3F28A8DEAA}.Debug|Any CPU.ActiveCfg = Debug|Any CPU
		{37D6B427-AEEB-42D3-89B8-6B3F28A8DEAA}.Debug|Any CPU.Build.0 = Debug|Any CPU
		{37D6B427-AEEB-42D3-89B8-6B3F28A8DEAA}.Release|Any CPU.ActiveCfg = Release|Any CPU
		{37D6B427-AEEB-42D3-89B8-6B3F28A8DEAA}.Release|Any CPU.Build.0 = Release|Any CPU
	EndGlobalSection
	GlobalSection(SolutionProperties) = preSolution
		HideSolutionNode = FALSE
	EndGlobalSection
	GlobalSection(ExtensibilityGlobals) = postSolution
		SolutionGuid = {49064A36-F77B-46BA-A80F-B8C7076EBA4F}
	EndGlobalSection
EndGlobal
